Microsoft Visual Studio Solution File, Format Version 12.00
# Visual Studio Version 17
VisualStudioVersion = 17.13.35913.81
MinimumVisualStudioVersion = 10.0.40219.1
Project("{2150E333-8FDC-42A3-9474-1A3956D46DE8}") = "Services", "Services", "{02EA681E-C7D8-13C7-8484-4AC65E1B71E8}"
EndProject
Project("{2150E333-8FDC-42A3-9474-1A3956D46DE8}") = "Shortning", "Shortning", "{F7F1A908-2614-4137-B5DF-7A3E1EBCA4BF}"
EndProject
Project("{FAE04EC0-301F-11D3-BF4B-00C04F79EFBC}") = "Shortly.Services.Shortening.Api", "Services\Shortning\Shortly.Services.Shortening.Api\Shortly.Services.Shortening.Api.csproj", "{E15EC047-7121-41A5-B9B9-92D2203094EA}"
EndProject
Project("{FAE04EC0-301F-11D3-BF4B-00C04F79EFBC}") = "Shortly.Services.Shortening.Application", "Services\Shortning\Shortly.Services.Shortening.Application\Shortly.Services.Shortening.Application.csproj", "{C3BF10CB-47DF-4A76-FEBB-077FC9CB8A8F}"
EndProject
Project("{FAE04EC0-301F-11D3-BF4B-00C04F79EFBC}") = "Shortly.Services.Shortening.Domain", "Services\Shortning\Shortly.Services.Shortening.Domain\Shortly.Services.Shortening.Domain.csproj", "{E898FD09-AD1D-4F07-0D6E-0D241A55F235}"
EndProject
Project("{FAE04EC0-301F-11D3-BF4B-00C04F79EFBC}") = "Shortly.Services.Shortening.Repository", "Services\Shortning\Shortly.Services.Shortening.Repository\Shortly.Services.Shortening.Repository.csproj", "{087259AF-3CB7-45AE-9B52-F88DBB615E2E}"
EndProject
Project("{2150E333-8FDC-42A3-9474-1A3956D46DE8}") = "Core", "Core", "{51BF9760-FB2B-41BE-8107-CF6C13FB92AB}"
EndProject
Project("{FAE04EC0-301F-11D3-BF4B-00C04F79EFBC}") = "Shortly.Core.Mediator", "Core\Shortly.Core.Mediator\Shortly.Core.Mediator.csproj", "{D4B27A8A-FC43-4732-8A78-CF345BDF491A}"
EndProject
Global
	GlobalSection(SolutionConfigurationPlatforms) = preSolution
		Debug|Any CPU = Debug|Any CPU
		Release|Any CPU = Release|Any CPU
	EndGlobalSection
	GlobalSection(ProjectConfigurationPlatforms) = postSolution
		{E15EC047-7121-41A5-B9B9-92D2203094EA}.Debug|Any CPU.ActiveCfg = Debug|Any CPU
		{E15EC047-7121-41A5-B9B9-92D2203094EA}.Debug|Any CPU.Build.0 = Debug|Any CPU
		{E15EC047-7121-41A5-B9B9-92D2203094EA}.Release|Any CPU.ActiveCfg = Release|Any CPU
		{E15EC047-7121-41A5-B9B9-92D2203094EA}.Release|Any CPU.Build.0 = Release|Any CPU
		{C3BF10CB-47DF-4A76-FEBB-077FC9CB8A8F}.Debug|Any CPU.ActiveCfg = Debug|Any CPU
		{C3BF10CB-47DF-4A76-FEBB-077FC9CB8A8F}.Debug|Any CPU.Build.0 = Debug|Any CPU
		{C3BF10CB-47DF-4A76-FEBB-077FC9CB8A8F}.Release|Any CPU.ActiveCfg = Release|Any CPU
		{C3BF10CB-47DF-4A76-FEBB-077FC9CB8A8F}.Release|Any CPU.Build.0 = Release|Any CPU
		{E898FD09-AD1D-4F07-0D6E-0D241A55F235}.Debug|Any CPU.ActiveCfg = Debug|Any CPU
		{E898FD09-AD1D-4F07-0D6E-0D241A55F235}.Debug|Any CPU.Build.0 = Debug|Any CPU
		{E898FD09-AD1D-4F07-0D6E-0D241A55F235}.Release|Any CPU.ActiveCfg = Release|Any CPU
		{E898FD09-AD1D-4F07-0D6E-0D241A55F235}.Release|Any CPU.Build.0 = Release|Any CPU
		{087259AF-3CB7-45AE-9B52-F88DBB615E2E}.Debug|Any CPU.ActiveCfg = Debug|Any CPU
		{087259AF-3CB7-45AE-9B52-F88DBB615E2E}.Debug|Any CPU.Build.0 = Debug|Any CPU
		{087259AF-3CB7-45AE-9B52-F88DBB615E2E}.Release|Any CPU.ActiveCfg = Release|Any CPU
		{087259AF-3CB7-45AE-9B52-F88DBB615E2E}.Release|Any CPU.Build.0 = Release|Any CPU
		{D4B27A8A-FC43-4732-8A78-CF345BDF491A}.Debug|Any CPU.ActiveCfg = Debug|Any CPU
		{D4B27A8A-FC43-4732-8A78-CF345BDF491A}.Debug|Any CPU.Build.0 = Debug|Any CPU
		{D4B27A8A-FC43-4732-8A78-CF345BDF491A}.Release|Any CPU.ActiveCfg = Release|Any CPU
		{D4B27A8A-FC43-4732-8A78-CF345BDF491A}.Release|Any CPU.Build.0 = Release|Any CPU
	EndGlobalSection
	GlobalSection(SolutionProperties) = preSolution
		HideSolutionNode = FALSE
	EndGlobalSection
	GlobalSection(NestedProjects) = preSolution
		{F7F1A908-2614-4137-B5DF-7A3E1EBCA4BF} = {02EA681E-C7D8-13C7-8484-4AC65E1B71E8}
		{E15EC047-7121-41A5-B9B9-92D2203094EA} = {F7F1A908-2614-4137-B5DF-7A3E1EBCA4BF}
		{C3BF10CB-47DF-4A76-FEBB-077FC9CB8A8F} = {F7F1A908-2614-4137-B5DF-7A3E1EBCA4BF}
		{E898FD09-AD1D-4F07-0D6E-0D241A55F235} = {F7F1A908-2614-4137-B5DF-7A3E1EBCA4BF}
		{087259AF-3CB7-45AE-9B52-F88DBB615E2E} = {F7F1A908-2614-4137-B5DF-7A3E1EBCA4BF}
		{D4B27A8A-FC43-4732-8A78-CF345BDF491A} = {51BF9760-FB2B-41BE-8107-CF6C13FB92AB}
	EndGlobalSection
	GlobalSection(ExtensibilityGlobals) = postSolution
		SolutionGuid = {6ED28185-D33C-4F5D-B293-0397D6FE2E1B}
	EndGlobalSection
EndGlobal
